// !$*UTF8*$!
{
	archiveVersion = 1;
	classes = {
	};
	objectVersion = 50;
	objects = {

/* Begin PBXBuildFile section */
		84670372242FC1310005289B /* AppDelegate.swift in Sources */ = {isa = PBXBuildFile; fileRef = 84670371242FC1310005289B /* AppDelegate.swift */; };
		84670374242FC1310005289B /* SceneDelegate.swift in Sources */ = {isa = PBXBuildFile; fileRef = 84670373242FC1310005289B /* SceneDelegate.swift */; };
		84670377242FC1310005289B /* PizzaApp.xcdatamodeld in Sources */ = {isa = PBXBuildFile; fileRef = 84670375242FC1310005289B /* PizzaApp.xcdatamodeld */; };
		84670379242FC1310005289B /* ContentView.swift in Sources */ = {isa = PBXBuildFile; fileRef = 84670378242FC1310005289B /* ContentView.swift */; };
		8467037B242FC1370005289B /* Assets.xcassets in Resources */ = {isa = PBXBuildFile; fileRef = 8467037A242FC1370005289B /* Assets.xcassets */; };
		8467037E242FC1370005289B /* Preview Assets.xcassets in Resources */ = {isa = PBXBuildFile; fileRef = 8467037D242FC1370005289B /* Preview Assets.xcassets */; };
		84670381242FC1370005289B /* LaunchScreen.storyboard in Resources */ = {isa = PBXBuildFile; fileRef = 8467037F242FC1370005289B /* LaunchScreen.storyboard */; };
		8467038A242FC4200005289B /* Order+CoreDataClass.swift in Sources */ = {isa = PBXBuildFile; fileRef = 84670388242FC41F0005289B /* Order+CoreDataClass.swift */; };
		8467038B242FC4200005289B /* Order+CoreDataProperties.swift in Sources */ = {isa = PBXBuildFile; fileRef = 84670389242FC41F0005289B /* Order+CoreDataProperties.swift */; };
		8467038D242FCF970005289B /* OrderSheet.swift in Sources */ = {isa = PBXBuildFile; fileRef = 8467038C242FCF970005289B /* OrderSheet.swift */; };
/* End PBXBuildFile section */

/* Begin PBXFileReference section */
		8467036E242FC1310005289B /* PizzaApp.app */ = {isa = PBXFileReference; explicitFileType = wrapper.application; includeInIndex = 0; path = PizzaApp.app; sourceTree = BUILT_PRODUCTS_DIR; };
		84670371242FC1310005289B /* AppDelegate.swift */ = {isa = PBXFileReference; lastKnownFileType = sourcecode.swift; path = AppDelegate.swift; sourceTree = "<group>"; };
		84670373242FC1310005289B /* SceneDelegate.swift */ = {isa = PBXFileReference; lastKnownFileType = sourcecode.swift; path = SceneDelegate.swift; sourceTree = "<group>"; };
		84670376242FC1310005289B /* PizzaApp.xcdatamodel */ = {isa = PBXFileReference; lastKnownFileType = wrapper.xcdatamodel; path = PizzaApp.xcdatamodel; sourceTree = "<group>"; };
		84670378242FC1310005289B /* ContentView.swift */ = {isa = PBXFileReference; lastKnownFileType = sourcecode.swift; path = ContentView.swift; sourceTree = "<group>"; };
		8467037A242FC1370005289B /* Assets.xcassets */ = {isa = PBXFileReference; lastKnownFileType = folder.assetcatalog; path = Assets.xcassets; sourceTree = "<group>"; };
		8467037D242FC1370005289B /* Preview Assets.xcassets */ = {isa = PBXFileReference; lastKnownFileType = folder.assetcatalog; path = "Preview Assets.xcassets"; sourceTree = "<group>"; };
		84670380242FC1370005289B /* Base */ = {isa = PBXFileReference; lastKnownFileType = file.storyboard; name = Base; path = Base.lproj/LaunchScreen.storyboard; sourceTree = "<group>"; };
		84670382242FC1370005289B /* Info.plist */ = {isa = PBXFileReference; lastKnownFileType = text.plist.xml; path = Info.plist; sourceTree = "<group>"; };
		84670388242FC41F0005289B /* Order+CoreDataClass.swift */ = {isa = PBXFileReference; lastKnownFileType = sourcecode.swift; path = "Order+CoreDataClass.swift"; sourceTree = SOURCE_ROOT; };
		84670389242FC41F0005289B /* Order+CoreDataProperties.swift */ = {isa = PBXFileReference; lastKnownFileType = sourcecode.swift; path = "Order+CoreDataProperties.swift"; sourceTree = SOURCE_ROOT; };
		8467038C242FCF970005289B /* OrderSheet.swift */ = {isa = PBXFileReference; lastKnownFileType = sourcecode.swift; path = OrderSheet.swift; sourceTree = "<group>"; };
/* End PBXFileReference section */

/* Begin PBXFrameworksBuildPhase section */
		8467036B242FC1310005289B /* Frameworks */ = {
			isa = PBXFrameworksBuildPhase;
			buildActionMask = 2147483647;
			files = (
			);
			runOnlyForDeploymentPostprocessing = 0;
		};
/* End PBXFrameworksBuildPhase section */

/* Begin PBXGroup section */
		84670365242FC1300005289B = {
			isa = PBXGroup;
			children = (
				84670370242FC1310005289B /* PizzaApp */,
				8467036F242FC1310005289B /* Products */,
			);
			sourceTree = "<group>";
		};
		8467036F242FC1310005289B /* Products */ = {
			isa = PBXGroup;
			children = (
				8467036E242FC1310005289B /* PizzaApp.app */,
			);
			name = Products;
			sourceTree = "<group>";
		};
		84670370242FC1310005289B /* PizzaApp */ = {
			isa = PBXGroup;
			children = (
				84670388242FC41F0005289B /* Order+CoreDataClass.swift */,
				84670389242FC41F0005289B /* Order+CoreDataProperties.swift */,
				84670371242FC1310005289B /* AppDelegate.swift */,
				84670373242FC1310005289B /* SceneDelegate.swift */,
				84670378242FC1310005289B /* ContentView.swift */,
				8467037A242FC1370005289B /* Assets.xcassets */,
				8467037F242FC1370005289B /* LaunchScreen.storyboard */,
				84670382242FC1370005289B /* Info.plist */,
				84670375242FC1310005289B /* PizzaApp.xcdatamodeld */,
				8467037C242FC1370005289B /* Preview Content */,
				8467038C242FCF970005289B /* OrderSheet.swift */,
			);
			path = PizzaApp;
			sourceTree = "<group>";
		};
		8467037C242FC1370005289B /* Preview Content */ = {
			isa = PBXGroup;
			children = (
				8467037D242FC1370005289B /* Preview Assets.xcassets */,
			);
			path = "Preview Content";
			sourceTree = "<group>";
		};
/* End PBXGroup section */

/* Begin PBXNativeTarget section */
		8467036D242FC1310005289B /* PizzaApp */ = {
			isa = PBXNativeTarget;
			buildConfigurationList = 84670385242FC1370005289B /* Build configuration list for PBXNativeTarget "PizzaApp" */;
			buildPhases = (
				8467036A242FC1310005289B /* Sources */,
				8467036B242FC1310005289B /* Frameworks */,
				8467036C242FC1310005289B /* Resources */,
			);
			buildRules = (
			);
			dependencies = (
			);
			name = PizzaApp;
			productName = PizzaApp;
			productReference = 8467036E242FC1310005289B /* PizzaApp.app */;
			productType = "com.apple.product-type.application";
		};
/* End PBXNativeTarget section */

/* Begin PBXProject section */
		84670366242FC1300005289B /* Project object */ = {
			isa = PBXProject;
			attributes = {
				LastSwiftUpdateCheck = 1130;
				LastUpgradeCheck = 1130;
				ORGANIZATIONNAME = usuario;
				TargetAttributes = {
					8467036D242FC1310005289B = {
						CreatedOnToolsVersion = 11.3.1;
					};
				};
			};
			buildConfigurationList = 84670369242FC1300005289B /* Build configuration list for PBXProject "PizzaApp" */;
			compatibilityVersion = "Xcode 9.3";
			developmentRegion = en;
			hasScannedForEncodings = 0;
			knownRegions = (
				en,
				Base,
			);
			mainGroup = 84670365242FC1300005289B;
			productRefGroup = 8467036F242FC1310005289B /* Products */;
			projectDirPath = "";
			projectRoot = "";
			targets = (
				8467036D242FC1310005289B /* PizzaApp */,
			);
		};
/* End PBXProject section */

/* Begin PBXResourcesBuildPhase section */
		8467036C242FC1310005289B /* Resources */ = {
			isa = PBXResourcesBuildPhase;
			buildActionMask = 2147483647;
			files = (
				84670381242FC1370005289B /* LaunchScreen.storyboard in Resources */,
				8467037E242FC1370005289B /* Preview Assets.xcassets in Resources */,
				8467037B242FC1370005289B /* Assets.xcassets in Resources */,
			);
			runOnlyForDeploymentPostprocessing = 0;
		};
/* End PBXResourcesBuildPhase section */

/* Begin PBXSourcesBuildPhase section */
		8467036A242FC1310005289B /* Sources */ = {
			isa = PBXSourcesBuildPhase;
			buildActionMask = 2147483647;
			files = (
				8467038B242FC4200005289B /* Order+CoreDataProperties.swift in Sources */,
				84670377242FC1310005289B /* PizzaApp.xcdatamodeld in Sources */,
				84670372242FC1310005289B /* AppDelegate.swift in Sources */,
				84670379242FC1310005289B /* ContentView.swift in Sources */,
				8467038A242FC4200005289B /* Order+CoreDataClass.swift in Sources */,
				8467038D242FCF970005289B /* OrderSheet.swift in Sources */,
				84670374242FC1310005289B /* SceneDelegate.swift in Sources */,
			);
			runOnlyForDeploymentPostprocessing = 0;
		};
/* End PBXSourcesBuildPhase section */

/* Begin PBXVariantGroup section */
		8467037F242FC1370005289B /* LaunchScreen.storyboard */ = {
			isa = PBXVariantGroup;
			children = (
				84670380242FC1370005289B /* Base */,
			);
			name = LaunchScreen.storyboard;
			sourceTree = "<group>";
		};
/* End PBXVariantGroup section */

/* Begin XCBuildConfiguration section */
		84670383242FC1370005289B /* Debug */ = {
			isa = XCBuildConfiguration;
			buildSettings = {
				ALWAYS_SEARCH_USER_PATHS = NO;
				CLANG_ANALYZER_NONNULL = YES;
				CLANG_ANALYZER_NUMBER_OBJECT_CONVERSION = YES_AGGRESSIVE;
				CLANG_CXX_LANGUAGE_STANDARD = "gnu++14";
				CLANG_CXX_LIBRARY = "libc++";
				CLANG_ENABLE_MODULES = YES;
				CLANG_ENABLE_OBJC_ARC = YES;
				CLANG_ENABLE_OBJC_WEAK = YES;
				CLANG_WARN_BLOCK_CAPTURE_AUTORELEASING = YES;
				CLANG_WARN_BOOL_CONVERSION = YES;
				CLANG_WARN_COMMA = YES;
				CLANG_WARN_CONSTANT_CONVERSION = YES;
				CLANG_WARN_DEPRECATED_OBJC_IMPLEMENTATIONS = YES;
				CLANG_WARN_DIRECT_OBJC_ISA_USAGE = YES_ERROR;
				CLANG_WARN_DOCUMENTATION_COMMENTS = YES;
				CLANG_WARN_EMPTY_BODY = YES;
				CLANG_WARN_ENUM_CONVERSION = YES;
				CLANG_WARN_INFINITE_RECURSION = YES;
				CLANG_WARN_INT_CONVERSION = YES;
				CLANG_WARN_NON_LITERAL_NULL_CONVERSION = YES;
				CLANG_WARN_OBJC_IMPLICIT_RETAIN_SELF = YES;
				CLANG_WARN_OBJC_LITERAL_CONVERSION = YES;
				CLANG_WARN_OBJC_ROOT_CLASS = YES_ERROR;
				CLANG_WARN_RANGE_LOOP_ANALYSIS = YES;
				CLANG_WARN_STRICT_PROTOTYPES = YES;
				CLANG_WARN_SUSPICIOUS_MOVE = YES;
				CLANG_WARN_UNGUARDED_AVAILABILITY = YES_AGGRESSIVE;
				CLANG_WARN_UNREACHABLE_CODE = YES;
				CLANG_WARN__DUPLICATE_METHOD_MATCH = YES;
				COPY_PHASE_STRIP = NO;
				DEBUG_INFORMATION_FORMAT = dwarf;
				ENABLE_STRICT_OBJC_MSGSEND = YES;
				ENABLE_TESTABILITY = YES;
				GCC_C_LANGUAGE_STANDARD = gnu11;
				GCC_DYNAMIC_NO_PIC = NO;
				GCC_NO_COMMON_BLOCKS = YES;
				GCC_OPTIMIZATION_LEVEL = 0;
				GCC_PREPROCESSOR_DEFINITIONS = (
					"DEBUG=1",
					"$(inherited)",
				);
				GCC_WARN_64_TO_32_BIT_CONVERSION = YES;
				GCC_WARN_ABOUT_RETURN_TYPE = YES_ERROR;
				GCC_WARN_UNDECLARED_SELECTOR = YES;
				GCC_WARN_UNINITIALIZED_AUTOS = YES_AGGRESSIVE;
				GCC_WARN_UNUSED_FUNCTION = YES;
				GCC_WARN_UNUSED_VARIABLE = YES;
				IPHONEOS_DEPLOYMENT_TARGET = 13.2;
				MTL_ENABLE_DEBUG_INFO = INCLUDE_SOURCE;
				MTL_FAST_MATH = YES;
				ONLY_ACTIVE_ARCH = YES;
				SDKROOT = iphoneos;
				SWIFT_ACTIVE_COMPILATION_CONDITIONS = DEBUG;
				SWIFT_OPTIMIZATION_LEVEL = "-Onone";
			};
			name = Debug;
		};
		84670384242FC1370005289B /* Release */ = {
			isa = XCBuildConfiguration;
			buildSettings = {
				ALWAYS_SEARCH_USER_PATHS = NO;
				CLANG_ANALYZER_NONNULL = YES;
				CLANG_ANALYZER_NUMBER_OBJECT_CONVERSION = YES_AGGRESSIVE;
				CLANG_CXX_LANGUAGE_STANDARD = "gnu++14";
				CLANG_CXX_LIBRARY = "libc++";
				CLANG_ENABLE_MODULES = YES;
				CLANG_ENABLE_OBJC_ARC = YES;
				CLANG_ENABLE_OBJC_WEAK = YES;
				CLANG_WARN_BLOCK_CAPTURE_AUTORELEASING = YES;
				CLANG_WARN_BOOL_CONVERSION = YES;
				CLANG_WARN_COMMA = YES;
				CLANG_WARN_CONSTANT_CONVERSION = YES;
				CLANG_WARN_DEPRECATED_OBJC_IMPLEMENTATIONS = YES;
				CLANG_WARN_DIRECT_OBJC_ISA_USAGE = YES_ERROR;
				CLANG_WARN_DOCUMENTATION_COMMENTS = YES;
				CLANG_WARN_EMPTY_BODY = YES;
				CLANG_WARN_ENUM_CONVERSION = YES;
				CLANG_WARN_INFINITE_RECURSION = YES;
				CLANG_WARN_INT_CONVERSION = YES;
				CLANG_WARN_NON_LITERAL_NULL_CONVERSION = YES;
				CLANG_WARN_OBJC_IMPLICIT_RETAIN_SELF = YES;
				CLANG_WARN_OBJC_LITERAL_CONVERSION = YES;
				CLANG_WARN_OBJC_ROOT_CLASS = YES_ERROR;
				CLANG_WARN_RANGE_LOOP_ANALYSIS = YES;
				CLANG_WARN_STRICT_PROTOTYPES = YES;
				CLANG_WARN_SUSPICIOUS_MOVE = YES;
				CLANG_WARN_UNGUARDED_AVAILABILITY = YES_AGGRESSIVE;
				CLANG_WARN_UNREACHABLE_CODE = YES;
				CLANG_WARN__DUPLICATE_METHOD_MATCH = YES;
				COPY_PHASE_STRIP = NO;
				DEBUG_INFORMATION_FORMAT = "dwarf-with-dsym";
				ENABLE_NS_ASSERTIONS = NO;
				ENABLE_STRICT_OBJC_MSGSEND = YES;
				GCC_C_LANGUAGE_STANDARD = gnu11;
				GCC_NO_COMMON_BLOCKS = YES;
				GCC_WARN_64_TO_32_BIT_CONVERSION = YES;
				GCC_WARN_ABOUT_RETURN_TYPE = YES_ERROR;
				GCC_WARN_UNDECLARED_SELECTOR = YES;
				GCC_WARN_UNINITIALIZED_AUTOS = YES_AGGRESSIVE;
				GCC_WARN_UNUSED_FUNCTION = YES;
				GCC_WARN_UNUSED_VARIABLE = YES;
				IPHONEOS_DEPLOYMENT_TARGET = 13.2;
				MTL_ENABLE_DEBUG_INFO = NO;
				MTL_FAST_MATH = YES;
				SDKROOT = iphoneos;
				SWIFT_COMPILATION_MODE = wholemodule;
				SWIFT_OPTIMIZATION_LEVEL = "-O";
				VALIDATE_PRODUCT = YES;
			};
			name = Release;
		};
		84670386242FC1370005289B /* Debug */ = {
			isa = XCBuildConfiguration;
			buildSettings = {
				ASSETCATALOG_COMPILER_APPICON_NAME = AppIcon;
				CODE_SIGN_STYLE = Automatic;
				DEVELOPMENT_ASSET_PATHS = "\"PizzaApp/Preview Content\"";
				ENABLE_PREVIEWS = YES;
				INFOPLIST_FILE = PizzaApp/Info.plist;
				LD_RUNPATH_SEARCH_PATHS = (
					"$(inherited)",
					"@executable_path/Frameworks",
				);
				PRODUCT_BUNDLE_IDENTIFIER = mx.edu.delasalle.PizzaApp;
				PRODUCT_NAME = "$(TARGET_NAME)";
				SWIFT_VERSION = 5.0;
				TARGETED_DEVICE_FAMILY = "1,2";
			};
			name = Debug;
		};
		84670387242FC1370005289B /* Release */ = {
			isa = XCBuildConfiguration;
			buildSettings = {
				ASSETCATALOG_COMPILER_APPICON_NAME = AppIcon;
				CODE_SIGN_STYLE = Automatic;
				DEVELOPMENT_ASSET_PATHS = "\"PizzaApp/Preview Content\"";
				ENABLE_PREVIEWS = YES;
				INFOPLIST_FILE = PizzaApp/Info.plist;
				LD_RUNPATH_SEARCH_PATHS = (
					"$(inherited)",
					"@executable_path/Frameworks",
				);
				PRODUCT_BUNDLE_IDENTIFIER = mx.edu.delasalle.PizzaApp;
				PRODUCT_NAME = "$(TARGET_NAME)";
				SWIFT_VERSION = 5.0;
				TARGETED_DEVICE_FAMILY = "1,2";
			};
			name = Release;
		};
/* End XCBuildConfiguration section */

/* Begin XCConfigurationList section */
		84670369242FC1300005289B /* Build configuration list for PBXProject "PizzaApp" */ = {
			isa = XCConfigurationList;
			buildConfigurations = (
				84670383242FC1370005289B /* Debug */,
				84670384242FC1370005289B /* Release */,
			);
			defaultConfigurationIsVisible = 0;
			defaultConfigurationName = Release;
		};
		84670385242FC1370005289B /* Build configuration list for PBXNativeTarget "PizzaApp" */ = {
			isa = XCConfigurationList;
			buildConfigurations = (
				84670386242FC1370005289B /* Debug */,
				84670387242FC1370005289B /* Release */,
			);
			defaultConfigurationIsVisible = 0;
			defaultConfigurationName = Release;
		};
/* End XCConfigurationList section */

/* Begin XCVersionGroup section */
		84670375242FC1310005289B /* PizzaApp.xcdatamodeld */ = {
			isa = XCVersionGroup;
			children = (
				84670376242FC1310005289B /* PizzaApp.xcdatamodel */,
			);
			currentVersion = 84670376242FC1310005289B /* PizzaApp.xcdatamodel */;
			path = PizzaApp.xcdatamodeld;
			sourceTree = "<group>";
			versionGroupType = wrapper.xcdatamodel;
		};
/* End XCVersionGroup section */
	};
	rootObject = 84670366242FC1300005289B /* Project object */;
}
